<?xml version="1.0" encoding="utf-8"?>
<Project ToolsVersion="4.0" xmlns="http://schemas.microsoft.com/developer/msbuild/2003">
  <ItemGroup>
    <Filter Include="Framework">
      <UniqueIdentifier>{4FC737F1-C7A5-4376-A066-2A32D752A2FF}</UniqueIdentifier>
      <Extensions>cpp;c;cc;cxx;c++;cppm;ixx;def;odl;idl;hpj;bat;asm;asmx</Extensions>
    </Filter>
    <Filter Include="Gameplay">
      <UniqueIdentifier>{501dbe2a-281e-4c60-98b1-299a985df45a}</UniqueIdentifier>
    </Filter>
    <Filter Include="Shaders">
      <UniqueIdentifier>{c249b8aa-94f2-42eb-a2c5-e72ce03a0906}</UniqueIdentifier>
    </Filter>
    <Filter Include="Minecraft">
      <UniqueIdentifier>{648f93ab-b86d-44a0-bbf3-5f9555c5809b}</UniqueIdentifier>
    </Filter>
    <Filter Include="Data">
      <UniqueIdentifier>{4f160b2f-0758-4527-985f-f6f52105b40c}</UniqueIdentifier>
    </Filter>
  </ItemGroup>
  <ItemGroup>
    <ClCompile Include="Main_Windows.cpp">
      <Filter>Framework</Filter>
    </ClCompile>
    <ClCompile Include="App.cpp">
      <Filter>Framework</Filter>
    </ClCompile>
    <ClCompile Include="Entity.cpp">
      <Filter>Gameplay</Filter>
    </ClCompile>
    <ClCompile Include="Game.cpp">
      <Filter>Gameplay</Filter>
    </ClCompile>
    <ClCompile Include="GameCommon.cpp">
      <Filter>Framework</Filter>
    </ClCompile>
    <ClCompile Include="Player.cpp">
      <Filter>Gameplay</Filter>
    </ClCompile>
    <ClCompile Include="Props.cpp">
      <Filter>Gameplay</Filter>
    </ClCompile>
    <ClCompile Include="Block.cpp">
      <Filter>Minecraft</Filter>
    </ClCompile>
    <ClCompile Include="BlockIterator.cpp">
      <Filter>Minecraft</Filter>
    </ClCompile>
    <ClCompile Include="BlockTemplate.cpp">
      <Filter>Minecraft</Filter>
    </ClCompile>
    <ClCompile Include="Chunk.cpp">
      <Filter>Minecraft</Filter>
    </ClCompile>
    <ClCompile Include="World.cpp">
      <Filter>Minecraft</Filter>
    </ClCompile>
    <ClCompile Include="BlockDefinition.cpp">
      <Filter>Data</Filter>
    </ClCompile>
    <ClCompile Include="BlockTemplateDefinition.cpp">
      <Filter>Data</Filter>
    </ClCompile>
  </ItemGroup>
  <ItemGroup>
    <ClInclude Include="App.hpp">
      <Filter>Framework</Filter>
    </ClInclude>
    <ClInclude Include="Entity.hpp">
      <Filter>Gameplay</Filter>
    </ClInclude>
    <ClInclude Include="Game.hpp">
      <Filter>Gameplay</Filter>
    </ClInclude>
    <ClInclude Include="GameCommon.hpp">
      <Filter>Framework</Filter>
    </ClInclude>
    <ClInclude Include="EngineBuildPreferences.hpp" />
    <ClInclude Include="Player.hpp">
      <Filter>Gameplay</Filter>
    </ClInclude>
    <ClInclude Include="Props.hpp">
      <Filter>Gameplay</Filter>
    </ClInclude>
    <ClInclude Include="..\..\Run\Data\Shaders\Utilities.h">
      <Filter>Shaders</Filter>
    </ClInclude>
    <ClInclude Include="..\..\Run\Data\Shaders\UtilitiesHelper.h">
      <Filter>Shaders</Filter>
    </ClInclude>
    <ClInclude Include="Block.hpp">
      <Filter>Minecraft</Filter>
    </ClInclude>
    <ClInclude Include="BlockIterator.hpp">
      <Filter>Minecraft</Filter>
    </ClInclude>
    <ClInclude Include="BlockTemplate.hpp">
      <Filter>Minecraft</Filter>
    </ClInclude>
    <ClInclude Include="Chunk.hpp">
      <Filter>Minecraft</Filter>
    </ClInclude>
    <ClInclude Include="World.hpp">
      <Filter>Minecraft</Filter>
    </ClInclude>
    <ClInclude Include="BlockDefinition.hpp">
      <Filter>Data</Filter>
    </ClInclude>
    <ClInclude Include="BlockTemplateDefinition.hpp">
      <Filter>Data</Filter>
    </ClInclude>
  </ItemGroup>
  <ItemGroup>
    <FxCompile Include="..\..\Run\Data\Shaders\Default.hlsl">
      <Filter>Shaders</Filter>
    </FxCompile>
    <FxCompile Include="..\..\Run\Data\Shaders\Raytracing.hlsl">
      <Filter>Shaders</Filter>
    </FxCompile>
    <FxCompile Include="..\..\Run\Data\Shaders\Raytracing3D.hlsl">
      <Filter>Shaders</Filter>
    </FxCompile>
    <FxCompile Include="..\..\Run\Data\Shaders\GaussianFilterCS.hlsl">
      <Filter>Shaders</Filter>
    </FxCompile>
    <FxCompile Include="..\..\Run\Data\Shaders\SpriteLit.hlsl">
      <Filter>Shaders</Filter>
    </FxCompile>
    <FxCompile Include="..\..\Run\Data\Shaders\TemporalSamplingCS.hlsl">
      <Filter>Shaders</Filter>
    </FxCompile>
    <FxCompile Include="..\..\Run\Data\Shaders\AtrousWaveletFilterCS.hlsl">
      <Filter>Shaders</Filter>
    </FxCompile>
    <FxCompile Include="..\..\Run\Data\Shaders\CompositionCS.hlsl">
      <Filter>Shaders</Filter>
    </FxCompile>
    <FxCompile Include="..\..\Run\Data\Shaders\VarianceEstimationCS.hlsl">
      <Filter>Shaders</Filter>
    </FxCompile>
    <FxCompile Include="..\..\Run\Data\Shaders\GlobalIllumination.hlsl">
      <Filter>Shaders</Filter>
    </FxCompile>
    <FxCompile Include="..\..\Run\Data\Shaders\PartialDerivativesCS.hlsl">
      <Filter>Shaders</Filter>
    </FxCompile>
    <FxCompile Include="..\..\Run\Data\Shaders\PostProcessCS.hlsl">
      <Filter>Shaders</Filter>
    </FxCompile>
  </ItemGroup>
  <ItemGroup>
    <Xml Include="..\..\Run\Data\Definitions\BlockDefinitions.xml">
      <Filter>Data</Filter>
    </Xml>
    <Xml Include="..\..\Run\Data\Definitions\BlockTemplateDefinitions.xml">
      <Filter>Data</Filter>
    </Xml>
    <Xml Include="..\..\Run\Data\GameConfig.xml">
      <Filter>Data</Filter>
    </Xml>
  </ItemGroup>
  <ItemGroup>
    <None Include="..\..\Run\Data\Shaders\RandomNumberGenerator.hlsli">
      <Filter>Shaders</Filter>
    </None>
    <None Include="..\..\Run\Data\Shaders\DataStructures.hlsli">
      <Filter>Shaders</Filter>
    </None>
    <None Include="..\..\Run\Data\Shaders\MathFunctions.hlsli">
      <Filter>Shaders</Filter>
    </None>
  </ItemGroup>
</Project>